
Microsoft Visual Studio Solution File, Format Version 12.00
# Visual Studio 15
Project("{FAE04EC0-301F-11D3-BF4B-00C04F79EFBC}") = "BirthdayEvent", "BirthdayEvent\BirthdayEvent.csproj", "{A9176626-6760-4FEF-9AB3-7F5C7F50FB3B}"
EndProject
Global
	GlobalSection(SolutionConfigurationPlatforms) = preSolution
		Debug|Any CPU = Debug|Any CPU
		Release|Any CPU = Release|Any CPU
	EndGlobalSection
	GlobalSection(ProjectConfigurationPlatforms) = postSolution
		{A9176626-6760-4FEF-9AB3-7F5C7F50FB3B}.Debug|Any CPU.ActiveCfg = Debug|Any CPU
		{A9176626-6760-4FEF-9AB3-7F5C7F50FB3B}.Debug|Any CPU.Build.0 = Debug|Any CPU
		{A9176626-6760-4FEF-9AB3-7F5C7F50FB3B}.Release|Any CPU.ActiveCfg = Release|Any CPU
		{A9176626-6760-4FEF-9AB3-7F5C7F50FB3B}.Release|Any CPU.Build.0 = Release|Any CPU
	EndGlobalSection
EndGlobal
